<?xml version="1.0" encoding="UTF-8"?>
<Scheme
   LastUpgradeVersion = "0700"
   version = "1.8">
   <BuildAction
      parallelizeBuildables = "YES"
      buildImplicitDependencies = "YES">
      <BuildActionEntries>
         <BuildActionEntry
            buildForTesting = "YES"
            buildForRunning = "YES"
            buildForProfiling = "YES"
            buildForArchiving = "YES"
            buildForAnalyzing = "YES">
            <BuildableReference
               BuildableIdentifier = "primary"
               BlueprintIdentifier = "1CC87CC61B3C422A0044C1BA"
               BuildableName = "Weather-Automator"
               BlueprintName = "Weather-Automator"
               ReferencedContainer = "container:Weather.xcodeproj">
            </BuildableReference>
         </BuildActionEntry>
      </BuildActionEntries>
   </BuildAction>
   <TestAction
      selectedDebuggerIdentifier = "Xcode.DebuggerFoundation.Debugger.LLDB"
      selectedLauncherIdentifier = "Xcode.DebuggerFoundation.Launcher.LLDB"
      shouldUseLaunchSchemeArgsEnv = "YES"
      buildConfiguration = "Debug">
      <Testables>
      </Testables>
      <MacroExpansion>
         <BuildableReference
            BuildableIdentifier = "primary"
            BlueprintIdentifier = "1CC87CC61B3C422A0044C1BA"
            BuildableName = "Weather-Automator"
            BlueprintName = "Weather-Automator"
            ReferencedContainer = "container:Weather.xcodeproj">
         </BuildableReference>
      </MacroExpansion>
      <AdditionalOptions>
      </AdditionalOptions>
   </TestAction>
   <LaunchAction
      selectedDebuggerIdentifier = "Xcode.DebuggerFoundation.Debugger.LLDB"
      selectedLauncherIdentifier = "Xcode.DebuggerFoundation.Launcher.LLDB"
      launchStyle = "0"
      useCustomWorkingDirectory = "NO"
      buildConfiguration = "Debug"
      ignoresPersistentStateOnLaunch = "NO"
      debugDocumentVersioning = "YES"
      debugServiceExtension = "internal"
      allowLocationSimulation = "YES">
      <BuildableProductRunnable
         runnableDebuggingMode = "0">
         <BuildableReference
            BuildableIdentifier = "primary"
            BlueprintIdentifier = "1CC87CC61B3C422A0044C1BA"
            BuildableName = "Weather-Automator"
            BlueprintName = "Weather-Automator"
            ReferencedContainer = "container:Weather.xcodeproj">
         </BuildableReference>
      </BuildableProductRunnable>
      <CommandLineArguments>
         <CommandLineArgument
            argument = "--comp"
            isEnabled = "YES">
         </CommandLineArgument>
         <CommandLineArgument
            argument = "weather.qtz"
            isEnabled = "YES">
         </CommandLineArgument>
         <CommandLineArgument
            argument = "--in"
            isEnabled = "YES">
         </CommandLineArgument>
         <CommandLineArgument
            argument = "0.0"
            isEnabled = "YES">
         </CommandLineArgument>
         <CommandLineArgument
            argument = "--out"
            isEnabled = "YES">
         </CommandLineArgument>
         <CommandLineArgument
            argument = "5.0"
            isEnabled = "YES">
         </CommandLineArgument>
         <CommandLineArgument
            argument = "--audio"
            isEnabled = "YES">
         </CommandLineArgument>
         <CommandLineArgument
            argument = "weather.aif"
            isEnabled = "YES">
         </CommandLineArgument>
         <CommandLineArgument
            argument = "--data"
            isEnabled = "YES">
         </CommandLineArgument>
         <CommandLineArgument
            argument = "sector_openweather.qtz"
            isEnabled = "YES">
         </CommandLineArgument>
         <CommandLineArgument
            argument = "sector_forecastio.qtz"
            isEnabled = "YES">
         </CommandLineArgument>
         <CommandLineArgument
            argument = "--time"
            isEnabled = "YES">
         </CommandLineArgument>
         <CommandLineArgument
            argument = "t10:00"
            isEnabled = "YES">
         </CommandLineArgument>
         <CommandLineArgument
            argument = "t12:00"
            isEnabled = "YES">
         </CommandLineArgument>
         <CommandLineArgument
            argument = "--ingest"
            isEnabled = "YES">
         </CommandLineArgument>
         <CommandLineArgument
            argument = "/Volumes/oleksii-osynovskyi/"
            isEnabled = "YES">
         </CommandLineArgument>
         <CommandLineArgument
            argument = "afp://10.83.6.168/oleksii-osynovskyi"
            isEnabled = "YES">
         </CommandLineArgument>
         <CommandLineArgument
            argument = "oleksii-osynovskyi"
            isEnabled = "YES">
         </CommandLineArgument>
         <CommandLineArgument
            argument = "superpuperdesign"
            isEnabled = "YES">
         </CommandLineArgument>
      </CommandLineArguments>
      <AdditionalOptions>
      </AdditionalOptions>
   </LaunchAction>
   <ProfileAction
      shouldUseLaunchSchemeArgsEnv = "YES"
      savedToolIdentifier = ""
      useCustomWorkingDirectory = "NO"
      buildConfiguration = "Release"
      debugDocumentVersioning = "YES">
      <BuildableProductRunnable
         runnableDebuggingMode = "0">
         <BuildableReference
            BuildableIdentifier = "primary"
            BlueprintIdentifier = "1CC87CC61B3C422A0044C1BA"
            BuildableName = "Weather-Automator"
            BlueprintName = "Weather-Automator"
            ReferencedContainer = "container:Weather.xcodeproj">
         </BuildableReference>
      </BuildableProductRunnable>
   </ProfileAction>
   <AnalyzeAction
      buildConfiguration = "Debug">
   </AnalyzeAction>
   <ArchiveAction
      buildConfiguration = "Release"
      revealArchiveInOrganizer = "YES">
   </ArchiveAction>
</Scheme>
