// !$*UTF8*$!
{
	archiveVersion = 1;
	classes = {
	};
	objectVersion = 46;
	objects = {

/* Begin PBXAggregateTarget section */
		1C4B3AC11B273D32005D9232 /* Build All */ = {
			isa = PBXAggregateTarget;
			buildConfigurationList = 1C4B3AC21B273D32005D9232 /* Build configuration list for PBXAggregateTarget "Build All" */;
			buildPhases = (
			);
			dependencies = (
				1C4B3AC61B273D3C005D9232 /* PBXTargetDependency */,
				1C4B3AC81B273D3D005D9232 /* PBXTargetDependency */,
			);
			name = "Build All";
			productName = "Build All";
		};
/* End PBXAggregateTarget section */

/* Begin PBXBuildFile section */
		1C4A22811B2F231500261DB8 /* broken-clouds.png in Resources */ = {isa = PBXBuildFile; fileRef = 1C4A225E1B2F231500261DB8 /* broken-clouds.png */; };
		1C4A22821B2F231500261DB8 /* scattered-clouds.png in Resources */ = {isa = PBXBuildFile; fileRef = 1C4A225F1B2F231500261DB8 /* scattered-clouds.png */; };
		1C4A22831B2F231500261DB8 /* few-clouds.png in Resources */ = {isa = PBXBuildFile; fileRef = 1C4A22601B2F231500261DB8 /* few-clouds.png */; };
		1C4A22841B2F231500261DB8 /* clear-sky.png in Resources */ = {isa = PBXBuildFile; fileRef = 1C4A22611B2F231500261DB8 /* clear-sky.png */; };
		1C4A22851B2F231500261DB8 /* tornado.png in Resources */ = {isa = PBXBuildFile; fileRef = 1C4A22621B2F231500261DB8 /* tornado.png */; };
		1C4A22861B2F231500261DB8 /* smoke.png in Resources */ = {isa = PBXBuildFile; fileRef = 1C4A22631B2F231500261DB8 /* smoke.png */; };
		1C4A22871B2F231500261DB8 /* fog.png in Resources */ = {isa = PBXBuildFile; fileRef = 1C4A22641B2F231500261DB8 /* fog.png */; };
		1C4A22881B2F231500261DB8 /* mist.png in Resources */ = {isa = PBXBuildFile; fileRef = 1C4A22651B2F231500261DB8 /* mist.png */; };
		1C4A22891B2F231500261DB8 /* rain-snow.png in Resources */ = {isa = PBXBuildFile; fileRef = 1C4A22661B2F231500261DB8 /* rain-snow.png */; };
		1C4A228A1B2F231500261DB8 /* light-rain-snow.png in Resources */ = {isa = PBXBuildFile; fileRef = 1C4A22671B2F231500261DB8 /* light-rain-snow.png */; };
		1C4A228B1B2F231500261DB8 /* shower-snow.png in Resources */ = {isa = PBXBuildFile; fileRef = 1C4A22681B2F231500261DB8 /* shower-snow.png */; };
		1C4A228C1B2F231500261DB8 /* heavy-snow.png in Resources */ = {isa = PBXBuildFile; fileRef = 1C4A22691B2F231500261DB8 /* heavy-snow.png */; };
		1C4A228D1B2F231500261DB8 /* snow.png in Resources */ = {isa = PBXBuildFile; fileRef = 1C4A226A1B2F231500261DB8 /* snow.png */; };
		1C4A228E1B2F231500261DB8 /* light-snow.png in Resources */ = {isa = PBXBuildFile; fileRef = 1C4A226B1B2F231500261DB8 /* light-snow.png */; };
		1C4A228F1B2F231500261DB8 /* shower-rain.png in Resources */ = {isa = PBXBuildFile; fileRef = 1C4A226C1B2F231500261DB8 /* shower-rain.png */; };
		1C4A22901B2F231500261DB8 /* freezing-rain.png in Resources */ = {isa = PBXBuildFile; fileRef = 1C4A226D1B2F231500261DB8 /* freezing-rain.png */; };
		1C4A22911B2F231500261DB8 /* heavy-rain.png in Resources */ = {isa = PBXBuildFile; fileRef = 1C4A226E1B2F231500261DB8 /* heavy-rain.png */; };
		1C4A22921B2F231500261DB8 /* rain.png in Resources */ = {isa = PBXBuildFile; fileRef = 1C4A226F1B2F231500261DB8 /* rain.png */; };
		1C4A22931B2F231500261DB8 /* light-rain.png in Resources */ = {isa = PBXBuildFile; fileRef = 1C4A22701B2F231500261DB8 /* light-rain.png */; };
		1C4A22941B2F231500261DB8 /* shower-drizzle.png in Resources */ = {isa = PBXBuildFile; fileRef = 1C4A22711B2F231500261DB8 /* shower-drizzle.png */; };
		1C4A22951B2F231500261DB8 /* heavy-drizzle-rain.png in Resources */ = {isa = PBXBuildFile; fileRef = 1C4A22721B2F231500261DB8 /* heavy-drizzle-rain.png */; };
		1C4A22961B2F231500261DB8 /* drizzle-rain.png in Resources */ = {isa = PBXBuildFile; fileRef = 1C4A22731B2F231500261DB8 /* drizzle-rain.png */; };
		1C4A22971B2F231500261DB8 /* light-drizzle-rain.png in Resources */ = {isa = PBXBuildFile; fileRef = 1C4A22741B2F231500261DB8 /* light-drizzle-rain.png */; };
		1C4A22981B2F231500261DB8 /* heavy-drizzle.png in Resources */ = {isa = PBXBuildFile; fileRef = 1C4A22751B2F231500261DB8 /* heavy-drizzle.png */; };
		1C4A22991B2F231500261DB8 /* drizzle.png in Resources */ = {isa = PBXBuildFile; fileRef = 1C4A22761B2F231500261DB8 /* drizzle.png */; };
		1C4A229A1B2F231500261DB8 /* light-drizzle.png in Resources */ = {isa = PBXBuildFile; fileRef = 1C4A22771B2F231500261DB8 /* light-drizzle.png */; };
		1C4A229B1B2F231500261DB8 /* thunderstorm-heavy-drizzle.png in Resources */ = {isa = PBXBuildFile; fileRef = 1C4A22781B2F231500261DB8 /* thunderstorm-heavy-drizzle.png */; };
		1C4A229C1B2F231500261DB8 /* thunderstorm-drizzle.png in Resources */ = {isa = PBXBuildFile; fileRef = 1C4A22791B2F231500261DB8 /* thunderstorm-drizzle.png */; };
		1C4A229D1B2F231500261DB8 /* thunderstorm-light-drizzle.png in Resources */ = {isa = PBXBuildFile; fileRef = 1C4A227A1B2F231500261DB8 /* thunderstorm-light-drizzle.png */; };
		1C4A229E1B2F231500261DB8 /* thunderstorm-heavy-rain.png in Resources */ = {isa = PBXBuildFile; fileRef = 1C4A227B1B2F231500261DB8 /* thunderstorm-heavy-rain.png */; };
		1C4A229F1B2F231500261DB8 /* thunderstorm-rain.png in Resources */ = {isa = PBXBuildFile; fileRef = 1C4A227C1B2F231500261DB8 /* thunderstorm-rain.png */; };
		1C4A22A01B2F231500261DB8 /* thunderstorm-light-rain.png in Resources */ = {isa = PBXBuildFile; fileRef = 1C4A227D1B2F231500261DB8 /* thunderstorm-light-rain.png */; };
		1C4A22A11B2F231500261DB8 /* heavy-thunderstorm.png in Resources */ = {isa = PBXBuildFile; fileRef = 1C4A227E1B2F231500261DB8 /* heavy-thunderstorm.png */; };
		1C4A22A21B2F231500261DB8 /* thunderstorm.png in Resources */ = {isa = PBXBuildFile; fileRef = 1C4A227F1B2F231500261DB8 /* thunderstorm.png */; };
		1C4A22A31B2F231500261DB8 /* light-thunderstorm.png in Resources */ = {isa = PBXBuildFile; fileRef = 1C4A22801B2F231500261DB8 /* light-thunderstorm.png */; };
		1C4A22A61B2F243F00261DB8 /* WeatherCodes.m in Sources */ = {isa = PBXBuildFile; fileRef = 1C4A22A51B2F243F00261DB8 /* WeatherCodes.m */; };
		1C4B3A891B270264005D9232 /* WeatherSectorPlugIn.m in Sources */ = {isa = PBXBuildFile; fileRef = 1C4B3A881B270264005D9232 /* WeatherSectorPlugIn.m */; };
		1C4B3A9F1B273613005D9232 /* AppDelegate.m in Sources */ = {isa = PBXBuildFile; fileRef = 1C4B3A9E1B273613005D9232 /* AppDelegate.m */; };
		1C4B3AA11B273613005D9232 /* main.m in Sources */ = {isa = PBXBuildFile; fileRef = 1C4B3AA01B273613005D9232 /* main.m */; };
		1C4B3AA31B273613005D9232 /* Images.xcassets in Resources */ = {isa = PBXBuildFile; fileRef = 1C4B3AA21B273613005D9232 /* Images.xcassets */; };
		1C4B3ABE1B27382E005D9232 /* Quartz.framework in Frameworks */ = {isa = PBXBuildFile; fileRef = 1C4B3ABB1B27380E005D9232 /* Quartz.framework */; };
		1C4B3AC01B273B0B005D9232 /* composition.qtz in Resources */ = {isa = PBXBuildFile; fileRef = 1C4B3ABF1B273B0B005D9232 /* composition.qtz */; };
		1CD0EEBC1B2ADDD600FBF35E /* JKInterpolationMath.m in Sources */ = {isa = PBXBuildFile; fileRef = 1CD0EEBB1B2ADDD600FBF35E /* JKInterpolationMath.m */; };
		1CE5DBBD1B28348D00F14EC7 /* MainMenu.xib in Resources */ = {isa = PBXBuildFile; fileRef = 1C4B3AA41B273613005D9232 /* MainMenu.xib */; };
/* End PBXBuildFile section */

/* Begin PBXContainerItemProxy section */
		1C4B3AC51B273D3C005D9232 /* PBXContainerItemProxy */ = {
			isa = PBXContainerItemProxy;
			containerPortal = 1C4B3A791B270264005D9232 /* Project object */;
			proxyType = 1;
			remoteGlobalIDString = 1C4B3A811B270264005D9232;
			remoteInfo = "Weather Sector";
		};
		1C4B3AC71B273D3D005D9232 /* PBXContainerItemProxy */ = {
			isa = PBXContainerItemProxy;
			containerPortal = 1C4B3A791B270264005D9232 /* Project object */;
			proxyType = 1;
			remoteGlobalIDString = 1C4B3A981B273613005D9232;
			remoteInfo = App;
		};
		1CCA89F11B286A440009C69E /* PBXContainerItemProxy */ = {
			isa = PBXContainerItemProxy;
			containerPortal = 1C4B3A791B270264005D9232 /* Project object */;
			proxyType = 1;
			remoteGlobalIDString = 1C4B3A811B270264005D9232;
			remoteInfo = "Weather Sector";
		};
/* End PBXContainerItemProxy section */

/* Begin PBXFileReference section */
		1C4A225E1B2F231500261DB8 /* broken-clouds.png */ = {isa = PBXFileReference; lastKnownFileType = image.png; name = "broken-clouds.png"; path = "Resources/broken-clouds.png"; sourceTree = "<group>"; };
		1C4A225F1B2F231500261DB8 /* scattered-clouds.png */ = {isa = PBXFileReference; lastKnownFileType = image.png; name = "scattered-clouds.png"; path = "Resources/scattered-clouds.png"; sourceTree = "<group>"; };
		1C4A22601B2F231500261DB8 /* few-clouds.png */ = {isa = PBXFileReference; lastKnownFileType = image.png; name = "few-clouds.png"; path = "Resources/few-clouds.png"; sourceTree = "<group>"; };
		1C4A22611B2F231500261DB8 /* clear-sky.png */ = {isa = PBXFileReference; lastKnownFileType = image.png; name = "clear-sky.png"; path = "Resources/clear-sky.png"; sourceTree = "<group>"; };
		1C4A22621B2F231500261DB8 /* tornado.png */ = {isa = PBXFileReference; lastKnownFileType = image.png; name = tornado.png; path = Resources/tornado.png; sourceTree = "<group>"; };
		1C4A22631B2F231500261DB8 /* smoke.png */ = {isa = PBXFileReference; lastKnownFileType = image.png; name = smoke.png; path = Resources/smoke.png; sourceTree = "<group>"; };
		1C4A22641B2F231500261DB8 /* fog.png */ = {isa = PBXFileReference; lastKnownFileType = image.png; name = fog.png; path = Resources/fog.png; sourceTree = "<group>"; };
		1C4A22651B2F231500261DB8 /* mist.png */ = {isa = PBXFileReference; lastKnownFileType = image.png; name = mist.png; path = Resources/mist.png; sourceTree = "<group>"; };
		1C4A22661B2F231500261DB8 /* rain-snow.png */ = {isa = PBXFileReference; lastKnownFileType = image.png; name = "rain-snow.png"; path = "Resources/rain-snow.png"; sourceTree = "<group>"; };
		1C4A22671B2F231500261DB8 /* light-rain-snow.png */ = {isa = PBXFileReference; lastKnownFileType = image.png; name = "light-rain-snow.png"; path = "Resources/light-rain-snow.png"; sourceTree = "<group>"; };
		1C4A22681B2F231500261DB8 /* shower-snow.png */ = {isa = PBXFileReference; lastKnownFileType = image.png; name = "shower-snow.png"; path = "Resources/shower-snow.png"; sourceTree = "<group>"; };
		1C4A22691B2F231500261DB8 /* heavy-snow.png */ = {isa = PBXFileReference; lastKnownFileType = image.png; name = "heavy-snow.png"; path = "Resources/heavy-snow.png"; sourceTree = "<group>"; };
		1C4A226A1B2F231500261DB8 /* snow.png */ = {isa = PBXFileReference; lastKnownFileType = image.png; name = snow.png; path = Resources/snow.png; sourceTree = "<group>"; };
		1C4A226B1B2F231500261DB8 /* light-snow.png */ = {isa = PBXFileReference; lastKnownFileType = image.png; name = "light-snow.png"; path = "Resources/light-snow.png"; sourceTree = "<group>"; };
		1C4A226C1B2F231500261DB8 /* shower-rain.png */ = {isa = PBXFileReference; lastKnownFileType = image.png; name = "shower-rain.png"; path = "Resources/shower-rain.png"; sourceTree = "<group>"; };
		1C4A226D1B2F231500261DB8 /* freezing-rain.png */ = {isa = PBXFileReference; lastKnownFileType = image.png; name = "freezing-rain.png"; path = "Resources/freezing-rain.png"; sourceTree = "<group>"; };
		1C4A226E1B2F231500261DB8 /* heavy-rain.png */ = {isa = PBXFileReference; lastKnownFileType = image.png; name = "heavy-rain.png"; path = "Resources/heavy-rain.png"; sourceTree = "<group>"; };
		1C4A226F1B2F231500261DB8 /* rain.png */ = {isa = PBXFileReference; lastKnownFileType = image.png; name = rain.png; path = Resources/rain.png; sourceTree = "<group>"; };
		1C4A22701B2F231500261DB8 /* light-rain.png */ = {isa = PBXFileReference; lastKnownFileType = image.png; name = "light-rain.png"; path = "Resources/light-rain.png"; sourceTree = "<group>"; };
		1C4A22711B2F231500261DB8 /* shower-drizzle.png */ = {isa = PBXFileReference; lastKnownFileType = image.png; name = "shower-drizzle.png"; path = "Resources/shower-drizzle.png"; sourceTree = "<group>"; };
		1C4A22721B2F231500261DB8 /* heavy-drizzle-rain.png */ = {isa = PBXFileReference; lastKnownFileType = image.png; name = "heavy-drizzle-rain.png"; path = "Resources/heavy-drizzle-rain.png"; sourceTree = "<group>"; };
		1C4A22731B2F231500261DB8 /* drizzle-rain.png */ = {isa = PBXFileReference; lastKnownFileType = image.png; name = "drizzle-rain.png"; path = "Resources/drizzle-rain.png"; sourceTree = "<group>"; };
		1C4A22741B2F231500261DB8 /* light-drizzle-rain.png */ = {isa = PBXFileReference; lastKnownFileType = image.png; name = "light-drizzle-rain.png"; path = "Resources/light-drizzle-rain.png"; sourceTree = "<group>"; };
		1C4A22751B2F231500261DB8 /* heavy-drizzle.png */ = {isa = PBXFileReference; lastKnownFileType = image.png; name = "heavy-drizzle.png"; path = "Resources/heavy-drizzle.png"; sourceTree = "<group>"; };
		1C4A22761B2F231500261DB8 /* drizzle.png */ = {isa = PBXFileReference; lastKnownFileType = image.png; name = drizzle.png; path = Resources/drizzle.png; sourceTree = "<group>"; };
		1C4A22771B2F231500261DB8 /* light-drizzle.png */ = {isa = PBXFileReference; lastKnownFileType = image.png; name = "light-drizzle.png"; path = "Resources/light-drizzle.png"; sourceTree = "<group>"; };
		1C4A22781B2F231500261DB8 /* thunderstorm-heavy-drizzle.png */ = {isa = PBXFileReference; lastKnownFileType = image.png; name = "thunderstorm-heavy-drizzle.png"; path = "Resources/thunderstorm-heavy-drizzle.png"; sourceTree = "<group>"; };
		1C4A22791B2F231500261DB8 /* thunderstorm-drizzle.png */ = {isa = PBXFileReference; lastKnownFileType = image.png; name = "thunderstorm-drizzle.png"; path = "Resources/thunderstorm-drizzle.png"; sourceTree = "<group>"; };
		1C4A227A1B2F231500261DB8 /* thunderstorm-light-drizzle.png */ = {isa = PBXFileReference; lastKnownFileType = image.png; name = "thunderstorm-light-drizzle.png"; path = "Resources/thunderstorm-light-drizzle.png"; sourceTree = "<group>"; };
		1C4A227B1B2F231500261DB8 /* thunderstorm-heavy-rain.png */ = {isa = PBXFileReference; lastKnownFileType = image.png; name = "thunderstorm-heavy-rain.png"; path = "Resources/thunderstorm-heavy-rain.png"; sourceTree = "<group>"; };
		1C4A227C1B2F231500261DB8 /* thunderstorm-rain.png */ = {isa = PBXFileReference; lastKnownFileType = image.png; name = "thunderstorm-rain.png"; path = "Resources/thunderstorm-rain.png"; sourceTree = "<group>"; };
		1C4A227D1B2F231500261DB8 /* thunderstorm-light-rain.png */ = {isa = PBXFileReference; lastKnownFileType = image.png; name = "thunderstorm-light-rain.png"; path = "Resources/thunderstorm-light-rain.png"; sourceTree = "<group>"; };
		1C4A227E1B2F231500261DB8 /* heavy-thunderstorm.png */ = {isa = PBXFileReference; lastKnownFileType = image.png; name = "heavy-thunderstorm.png"; path = "Resources/heavy-thunderstorm.png"; sourceTree = "<group>"; };
		1C4A227F1B2F231500261DB8 /* thunderstorm.png */ = {isa = PBXFileReference; lastKnownFileType = image.png; name = thunderstorm.png; path = Resources/thunderstorm.png; sourceTree = "<group>"; };
		1C4A22801B2F231500261DB8 /* light-thunderstorm.png */ = {isa = PBXFileReference; lastKnownFileType = image.png; name = "light-thunderstorm.png"; path = "Resources/light-thunderstorm.png"; sourceTree = "<group>"; };
		1C4A22A41B2F243F00261DB8 /* WeatherCodes.h */ = {isa = PBXFileReference; fileEncoding = 4; lastKnownFileType = sourcecode.c.h; path = WeatherCodes.h; sourceTree = "<group>"; };
		1C4A22A51B2F243F00261DB8 /* WeatherCodes.m */ = {isa = PBXFileReference; fileEncoding = 4; lastKnownFileType = sourcecode.c.objc; path = WeatherCodes.m; sourceTree = "<group>"; };
		1C4B3A821B270264005D9232 /* Weather Sector.plugin */ = {isa = PBXFileReference; explicitFileType = wrapper.cfbundle; includeInIndex = 0; path = "Weather Sector.plugin"; sourceTree = BUILT_PRODUCTS_DIR; };
		1C4B3A861B270264005D9232 /* Info.plist */ = {isa = PBXFileReference; lastKnownFileType = text.plist.xml; path = Info.plist; sourceTree = "<group>"; };
		1C4B3A871B270264005D9232 /* WeatherSectorPlugIn.h */ = {isa = PBXFileReference; lastKnownFileType = sourcecode.c.h; path = WeatherSectorPlugIn.h; sourceTree = "<group>"; };
		1C4B3A881B270264005D9232 /* WeatherSectorPlugIn.m */ = {isa = PBXFileReference; lastKnownFileType = sourcecode.c.objc; path = WeatherSectorPlugIn.m; sourceTree = "<group>"; };
		1C4B3A991B273613005D9232 /* App.app */ = {isa = PBXFileReference; explicitFileType = wrapper.application; includeInIndex = 0; path = App.app; sourceTree = BUILT_PRODUCTS_DIR; };
		1C4B3A9C1B273613005D9232 /* Info.plist */ = {isa = PBXFileReference; lastKnownFileType = text.plist.xml; path = Info.plist; sourceTree = "<group>"; };
		1C4B3A9D1B273613005D9232 /* AppDelegate.h */ = {isa = PBXFileReference; lastKnownFileType = sourcecode.c.h; path = AppDelegate.h; sourceTree = "<group>"; };
		1C4B3A9E1B273613005D9232 /* AppDelegate.m */ = {isa = PBXFileReference; lastKnownFileType = sourcecode.c.objc; path = AppDelegate.m; sourceTree = "<group>"; };
		1C4B3AA01B273613005D9232 /* main.m */ = {isa = PBXFileReference; lastKnownFileType = sourcecode.c.objc; path = main.m; sourceTree = "<group>"; };
		1C4B3AA21B273613005D9232 /* Images.xcassets */ = {isa = PBXFileReference; lastKnownFileType = folder.assetcatalog; path = Images.xcassets; sourceTree = "<group>"; };
		1C4B3AA51B273613005D9232 /* Base */ = {isa = PBXFileReference; lastKnownFileType = file.xib; name = Base; path = Base.lproj/MainMenu.xib; sourceTree = "<group>"; };
		1C4B3ABB1B27380E005D9232 /* Quartz.framework */ = {isa = PBXFileReference; lastKnownFileType = wrapper.framework; name = Quartz.framework; path = System/Library/Frameworks/Quartz.framework; sourceTree = SDKROOT; };
		1C4B3ABF1B273B0B005D9232 /* composition.qtz */ = {isa = PBXFileReference; lastKnownFileType = "video.quartz-composer"; path = composition.qtz; sourceTree = "<group>"; };
		1C4B3AC91B274AEE005D9232 /* ArgumentKeys.h */ = {isa = PBXFileReference; lastKnownFileType = sourcecode.c.h; path = ArgumentKeys.h; sourceTree = "<group>"; };
		1CD0EEBA1B2ADDD600FBF35E /* JKInterpolationMath.h */ = {isa = PBXFileReference; fileEncoding = 4; lastKnownFileType = sourcecode.c.h; path = JKInterpolationMath.h; sourceTree = "<group>"; };
		1CD0EEBB1B2ADDD600FBF35E /* JKInterpolationMath.m */ = {isa = PBXFileReference; fileEncoding = 4; lastKnownFileType = sourcecode.c.objc; path = JKInterpolationMath.m; sourceTree = "<group>"; };
/* End PBXFileReference section */

/* Begin PBXFrameworksBuildPhase section */
		1C0DEE2D1B2852B300CE07D7 /* Frameworks */ = {
			isa = PBXFrameworksBuildPhase;
			buildActionMask = 2147483647;
			files = (
			);
			runOnlyForDeploymentPostprocessing = 0;
		};
		1C4B3A961B273613005D9232 /* Frameworks */ = {
			isa = PBXFrameworksBuildPhase;
			buildActionMask = 2147483647;
			files = (
				1C4B3ABE1B27382E005D9232 /* Quartz.framework in Frameworks */,
			);
			runOnlyForDeploymentPostprocessing = 0;
		};
/* End PBXFrameworksBuildPhase section */

/* Begin PBXGroup section */
		1C4B3A781B270264005D9232 = {
			isa = PBXGroup;
			children = (
				1C4B3A841B270264005D9232 /* Plugin */,
				1C4B3A9A1B273613005D9232 /* App */,
				1C4B3A831B270264005D9232 /* Products */,
			);
			sourceTree = "<group>";
		};
		1C4B3A831B270264005D9232 /* Products */ = {
			isa = PBXGroup;
			children = (
				1C4B3A821B270264005D9232 /* Weather Sector.plugin */,
				1C4B3A991B273613005D9232 /* App.app */,
			);
			name = Products;
			sourceTree = "<group>";
		};
		1C4B3A841B270264005D9232 /* Plugin */ = {
			isa = PBXGroup;
			children = (
				1CCA89DD1B28575E0009C69E /* Resources */,
				1C4B3A871B270264005D9232 /* WeatherSectorPlugIn.h */,
				1C4B3A881B270264005D9232 /* WeatherSectorPlugIn.m */,
				1C4A22A41B2F243F00261DB8 /* WeatherCodes.h */,
				1C4A22A51B2F243F00261DB8 /* WeatherCodes.m */,
				1C4B3A851B270264005D9232 /* Supporting Files */,
			);
			name = Plugin;
			path = "Weather Sector";
			sourceTree = "<group>";
		};
		1C4B3A851B270264005D9232 /* Supporting Files */ = {
			isa = PBXGroup;
			children = (
				1CD0EEBA1B2ADDD600FBF35E /* JKInterpolationMath.h */,
				1CD0EEBB1B2ADDD600FBF35E /* JKInterpolationMath.m */,
				1C4B3AC91B274AEE005D9232 /* ArgumentKeys.h */,
				1C4B3A861B270264005D9232 /* Info.plist */,
			);
			name = "Supporting Files";
			sourceTree = "<group>";
		};
		1C4B3A9A1B273613005D9232 /* App */ = {
			isa = PBXGroup;
			children = (
				1C4B3ABF1B273B0B005D9232 /* composition.qtz */,
				1C4B3A9D1B273613005D9232 /* AppDelegate.h */,
				1C4B3A9E1B273613005D9232 /* AppDelegate.m */,
				1C4B3AA21B273613005D9232 /* Images.xcassets */,
				1C4B3AA41B273613005D9232 /* MainMenu.xib */,
				1C4B3ABD1B273822005D9232 /* Frameworks */,
				1C4B3A9B1B273613005D9232 /* Supporting Files */,
			);
			path = App;
			sourceTree = "<group>";
		};
		1C4B3A9B1B273613005D9232 /* Supporting Files */ = {
			isa = PBXGroup;
			children = (
				1C4B3A9C1B273613005D9232 /* Info.plist */,
				1C4B3AA01B273613005D9232 /* main.m */,
			);
			name = "Supporting Files";
			sourceTree = "<group>";
		};
		1C4B3ABD1B273822005D9232 /* Frameworks */ = {
			isa = PBXGroup;
			children = (
				1C4B3ABB1B27380E005D9232 /* Quartz.framework */,
			);
			name = Frameworks;
			sourceTree = "<group>";
		};
		1CCA89DD1B28575E0009C69E /* Resources */ = {
			isa = PBXGroup;
			children = (
				1C4A225E1B2F231500261DB8 /* broken-clouds.png */,
				1C4A225F1B2F231500261DB8 /* scattered-clouds.png */,
				1C4A22601B2F231500261DB8 /* few-clouds.png */,
				1C4A22611B2F231500261DB8 /* clear-sky.png */,
				1C4A22621B2F231500261DB8 /* tornado.png */,
				1C4A22631B2F231500261DB8 /* smoke.png */,
				1C4A22641B2F231500261DB8 /* fog.png */,
				1C4A22651B2F231500261DB8 /* mist.png */,
				1C4A22661B2F231500261DB8 /* rain-snow.png */,
				1C4A22671B2F231500261DB8 /* light-rain-snow.png */,
				1C4A22681B2F231500261DB8 /* shower-snow.png */,
				1C4A22691B2F231500261DB8 /* heavy-snow.png */,
				1C4A226A1B2F231500261DB8 /* snow.png */,
				1C4A226B1B2F231500261DB8 /* light-snow.png */,
				1C4A226C1B2F231500261DB8 /* shower-rain.png */,
				1C4A226D1B2F231500261DB8 /* freezing-rain.png */,
				1C4A226E1B2F231500261DB8 /* heavy-rain.png */,
				1C4A226F1B2F231500261DB8 /* rain.png */,
				1C4A22701B2F231500261DB8 /* light-rain.png */,
				1C4A22711B2F231500261DB8 /* shower-drizzle.png */,
				1C4A22721B2F231500261DB8 /* heavy-drizzle-rain.png */,
				1C4A22731B2F231500261DB8 /* drizzle-rain.png */,
				1C4A22741B2F231500261DB8 /* light-drizzle-rain.png */,
				1C4A22751B2F231500261DB8 /* heavy-drizzle.png */,
				1C4A22761B2F231500261DB8 /* drizzle.png */,
				1C4A22771B2F231500261DB8 /* light-drizzle.png */,
				1C4A22781B2F231500261DB8 /* thunderstorm-heavy-drizzle.png */,
				1C4A22791B2F231500261DB8 /* thunderstorm-drizzle.png */,
				1C4A227A1B2F231500261DB8 /* thunderstorm-light-drizzle.png */,
				1C4A227B1B2F231500261DB8 /* thunderstorm-heavy-rain.png */,
				1C4A227C1B2F231500261DB8 /* thunderstorm-rain.png */,
				1C4A227D1B2F231500261DB8 /* thunderstorm-light-rain.png */,
				1C4A227E1B2F231500261DB8 /* heavy-thunderstorm.png */,
				1C4A227F1B2F231500261DB8 /* thunderstorm.png */,
				1C4A22801B2F231500261DB8 /* light-thunderstorm.png */,
			);
			name = Resources;
			sourceTree = "<group>";
		};
/* End PBXGroup section */

/* Begin PBXNativeTarget section */
		1C4B3A811B270264005D9232 /* Weather Sector */ = {
			isa = PBXNativeTarget;
			buildConfigurationList = 1C4B3A8C1B270264005D9232 /* Build configuration list for PBXNativeTarget "Weather Sector" */;
			buildPhases = (
				1C0DEE2D1B2852B300CE07D7 /* Frameworks */,
				1C4B3A7D1B270264005D9232 /* Sources */,
				1CCA89E01B2857770009C69E /* Resources */,
				1C4B3A801B270264005D9232 /* ShellScript */,
			);
			buildRules = (
			);
			dependencies = (
			);
			name = "Weather Sector";
			productName = "Weather Sector";
			productReference = 1C4B3A821B270264005D9232 /* Weather Sector.plugin */;
			productType = "com.apple.product-type.bundle";
		};
		1C4B3A981B273613005D9232 /* App */ = {
			isa = PBXNativeTarget;
			buildConfigurationList = 1C4B3AB31B273613005D9232 /* Build configuration list for PBXNativeTarget "App" */;
			buildPhases = (
				1C4B3A951B273613005D9232 /* Sources */,
				1C4B3A961B273613005D9232 /* Frameworks */,
				1C4B3A971B273613005D9232 /* Resources */,
			);
			buildRules = (
			);
			dependencies = (
				1CCA89F21B286A440009C69E /* PBXTargetDependency */,
			);
			name = App;
			productName = App;
			productReference = 1C4B3A991B273613005D9232 /* App.app */;
			productType = "com.apple.product-type.application";
		};
/* End PBXNativeTarget section */

/* Begin PBXProject section */
		1C4B3A791B270264005D9232 /* Project object */ = {
			isa = PBXProject;
			attributes = {
				LastUpgradeCheck = 0630;
				ORGANIZATIONNAME = "Oleksii Osynovskyi";
				TargetAttributes = {
					1C4B3A811B270264005D9232 = {
						CreatedOnToolsVersion = 6.3.2;
					};
					1C4B3A981B273613005D9232 = {
						CreatedOnToolsVersion = 6.3.2;
					};
					1C4B3AC11B273D32005D9232 = {
						CreatedOnToolsVersion = 6.3.2;
					};
				};
			};
			buildConfigurationList = 1C4B3A7C1B270264005D9232 /* Build configuration list for PBXProject "Weather Sector" */;
			compatibilityVersion = "Xcode 3.2";
			developmentRegion = English;
			hasScannedForEncodings = 0;
			knownRegions = (
				en,
				Base,
			);
			mainGroup = 1C4B3A781B270264005D9232;
			productRefGroup = 1C4B3A831B270264005D9232 /* Products */;
			projectDirPath = "";
			projectRoot = "";
			targets = (
				1C4B3A811B270264005D9232 /* Weather Sector */,
				1C4B3A981B273613005D9232 /* App */,
				1C4B3AC11B273D32005D9232 /* Build All */,
			);
		};
/* End PBXProject section */

/* Begin PBXResourcesBuildPhase section */
		1C4B3A971B273613005D9232 /* Resources */ = {
			isa = PBXResourcesBuildPhase;
			buildActionMask = 2147483647;
			files = (
				1C4B3AC01B273B0B005D9232 /* composition.qtz in Resources */,
				1C4B3AA31B273613005D9232 /* Images.xcassets in Resources */,
				1CE5DBBD1B28348D00F14EC7 /* MainMenu.xib in Resources */,
			);
			runOnlyForDeploymentPostprocessing = 0;
		};
		1CCA89E01B2857770009C69E /* Resources */ = {
			isa = PBXResourcesBuildPhase;
			buildActionMask = 2147483647;
			files = (
				1C4A22881B2F231500261DB8 /* mist.png in Resources */,
				1C4A22811B2F231500261DB8 /* broken-clouds.png in Resources */,
				1C4A22981B2F231500261DB8 /* heavy-drizzle.png in Resources */,
				1C4A22A11B2F231500261DB8 /* heavy-thunderstorm.png in Resources */,
				1C4A22951B2F231500261DB8 /* heavy-drizzle-rain.png in Resources */,
				1C4A22941B2F231500261DB8 /* shower-drizzle.png in Resources */,
				1C4A229A1B2F231500261DB8 /* light-drizzle.png in Resources */,
				1C4A22891B2F231500261DB8 /* rain-snow.png in Resources */,
				1C4A229C1B2F231500261DB8 /* thunderstorm-drizzle.png in Resources */,
				1C4A229E1B2F231500261DB8 /* thunderstorm-heavy-rain.png in Resources */,
				1C4A228A1B2F231500261DB8 /* light-rain-snow.png in Resources */,
				1C4A22861B2F231500261DB8 /* smoke.png in Resources */,
				1C4A22901B2F231500261DB8 /* freezing-rain.png in Resources */,
				1C4A229B1B2F231500261DB8 /* thunderstorm-heavy-drizzle.png in Resources */,
				1C4A22851B2F231500261DB8 /* tornado.png in Resources */,
				1C4A228C1B2F231500261DB8 /* heavy-snow.png in Resources */,
				1C4A22821B2F231500261DB8 /* scattered-clouds.png in Resources */,
				1C4A22831B2F231500261DB8 /* few-clouds.png in Resources */,
				1C4A228D1B2F231500261DB8 /* snow.png in Resources */,
				1C4A22991B2F231500261DB8 /* drizzle.png in Resources */,
				1C4A22A21B2F231500261DB8 /* thunderstorm.png in Resources */,
				1C4A22921B2F231500261DB8 /* rain.png in Resources */,
				1C4A228B1B2F231500261DB8 /* shower-snow.png in Resources */,
				1C4A228E1B2F231500261DB8 /* light-snow.png in Resources */,
				1C4A22961B2F231500261DB8 /* drizzle-rain.png in Resources */,
				1C4A22841B2F231500261DB8 /* clear-sky.png in Resources */,
				1C4A22A31B2F231500261DB8 /* light-thunderstorm.png in Resources */,
				1C4A229F1B2F231500261DB8 /* thunderstorm-rain.png in Resources */,
				1C4A22A01B2F231500261DB8 /* thunderstorm-light-rain.png in Resources */,
				1C4A22931B2F231500261DB8 /* light-rain.png in Resources */,
				1C4A22971B2F231500261DB8 /* light-drizzle-rain.png in Resources */,
				1C4A229D1B2F231500261DB8 /* thunderstorm-light-drizzle.png in Resources */,
				1C4A22911B2F231500261DB8 /* heavy-rain.png in Resources */,
				1C4A228F1B2F231500261DB8 /* shower-rain.png in Resources */,
				1C4A22871B2F231500261DB8 /* fog.png in Resources */,
			);
			runOnlyForDeploymentPostprocessing = 0;
		};
/* End PBXResourcesBuildPhase section */

/* Begin PBXShellScriptBuildPhase section */
		1C4B3A801B270264005D9232 /* ShellScript */ = {
			isa = PBXShellScriptBuildPhase;
			buildActionMask = 2147483647;
			files = (
			);
			inputPaths = (
			);
			outputPaths = (
			);
			runOnlyForDeploymentPostprocessing = 0;
			shellPath = /bin/sh;
			shellScript = "# This shell script simply copies the built plug-in to \"~/Library/Graphics/Quartz Composer Plug-Ins\" and overrides any previous version at that location\n\nmkdir -p \"$USER_LIBRARY_DIR/Graphics/Quartz Composer Plug-Ins\"\nrm -rf \"$USER_LIBRARY_DIR/Graphics/Quartz Composer Plug-Ins/Weather Sector.plugin\"\ncp -rf \"$BUILT_PRODUCTS_DIR/Weather Sector.plugin\" \"$USER_LIBRARY_DIR/Graphics/Quartz Composer Plug-Ins/\"\n";
		};
/* End PBXShellScriptBuildPhase section */

/* Begin PBXSourcesBuildPhase section */
		1C4B3A7D1B270264005D9232 /* Sources */ = {
			isa = PBXSourcesBuildPhase;
			buildActionMask = 2147483647;
			files = (
				1C4B3A891B270264005D9232 /* WeatherSectorPlugIn.m in Sources */,
				1CD0EEBC1B2ADDD600FBF35E /* JKInterpolationMath.m in Sources */,
				1C4A22A61B2F243F00261DB8 /* WeatherCodes.m in Sources */,
			);
			runOnlyForDeploymentPostprocessing = 0;
		};
		1C4B3A951B273613005D9232 /* Sources */ = {
			isa = PBXSourcesBuildPhase;
			buildActionMask = 2147483647;
			files = (
				1C4B3AA11B273613005D9232 /* main.m in Sources */,
				1C4B3A9F1B273613005D9232 /* AppDelegate.m in Sources */,
			);
			runOnlyForDeploymentPostprocessing = 0;
		};
/* End PBXSourcesBuildPhase section */

/* Begin PBXTargetDependency section */
		1C4B3AC61B273D3C005D9232 /* PBXTargetDependency */ = {
			isa = PBXTargetDependency;
			target = 1C4B3A811B270264005D9232 /* Weather Sector */;
			targetProxy = 1C4B3AC51B273D3C005D9232 /* PBXContainerItemProxy */;
		};
		1C4B3AC81B273D3D005D9232 /* PBXTargetDependency */ = {
			isa = PBXTargetDependency;
			target = 1C4B3A981B273613005D9232 /* App */;
			targetProxy = 1C4B3AC71B273D3D005D9232 /* PBXContainerItemProxy */;
		};
		1CCA89F21B286A440009C69E /* PBXTargetDependency */ = {
			isa = PBXTargetDependency;
			target = 1C4B3A811B270264005D9232 /* Weather Sector */;
			targetProxy = 1CCA89F11B286A440009C69E /* PBXContainerItemProxy */;
		};
/* End PBXTargetDependency section */

/* Begin PBXVariantGroup section */
		1C4B3AA41B273613005D9232 /* MainMenu.xib */ = {
			isa = PBXVariantGroup;
			children = (
				1C4B3AA51B273613005D9232 /* Base */,
			);
			name = MainMenu.xib;
			sourceTree = "<group>";
		};
/* End PBXVariantGroup section */

/* Begin XCBuildConfiguration section */
		1C4B3A8A1B270264005D9232 /* Debug */ = {
			isa = XCBuildConfiguration;
			buildSettings = {
				ALWAYS_SEARCH_USER_PATHS = NO;
				CLANG_CXX_LANGUAGE_STANDARD = "gnu++0x";
				CLANG_CXX_LIBRARY = "libc++";
				CLANG_ENABLE_MODULES = YES;
				CLANG_ENABLE_OBJC_ARC = YES;
				CLANG_WARN_BOOL_CONVERSION = YES;
				CLANG_WARN_CONSTANT_CONVERSION = YES;
				CLANG_WARN_DIRECT_OBJC_ISA_USAGE = YES_ERROR;
				CLANG_WARN_EMPTY_BODY = YES;
				CLANG_WARN_ENUM_CONVERSION = YES;
				CLANG_WARN_INT_CONVERSION = YES;
				CLANG_WARN_OBJC_ROOT_CLASS = YES_ERROR;
				CLANG_WARN_UNREACHABLE_CODE = YES;
				CLANG_WARN__DUPLICATE_METHOD_MATCH = YES;
				COPY_PHASE_STRIP = NO;
				DEBUG_INFORMATION_FORMAT = dwarf;
				ENABLE_STRICT_OBJC_MSGSEND = YES;
				GCC_C_LANGUAGE_STANDARD = gnu99;
				GCC_DYNAMIC_NO_PIC = NO;
				GCC_NO_COMMON_BLOCKS = YES;
				GCC_OPTIMIZATION_LEVEL = 0;
				GCC_PREPROCESSOR_DEFINITIONS = (
					"DEBUG=1",
					"$(inherited)",
				);
				GCC_SYMBOLS_PRIVATE_EXTERN = NO;
				GCC_WARN_64_TO_32_BIT_CONVERSION = YES;
				GCC_WARN_ABOUT_RETURN_TYPE = YES_ERROR;
				GCC_WARN_UNDECLARED_SELECTOR = YES;
				GCC_WARN_UNINITIALIZED_AUTOS = YES_AGGRESSIVE;
				GCC_WARN_UNUSED_FUNCTION = YES;
				GCC_WARN_UNUSED_VARIABLE = YES;
				MACOSX_DEPLOYMENT_TARGET = 10.7;
				MTL_ENABLE_DEBUG_INFO = YES;
				ONLY_ACTIVE_ARCH = YES;
				SDKROOT = macosx10.9;
			};
			name = Debug;
		};
		1C4B3A8B1B270264005D9232 /* Release */ = {
			isa = XCBuildConfiguration;
			buildSettings = {
				ALWAYS_SEARCH_USER_PATHS = NO;
				CLANG_CXX_LANGUAGE_STANDARD = "gnu++0x";
				CLANG_CXX_LIBRARY = "libc++";
				CLANG_ENABLE_MODULES = YES;
				CLANG_ENABLE_OBJC_ARC = YES;
				CLANG_WARN_BOOL_CONVERSION = YES;
				CLANG_WARN_CONSTANT_CONVERSION = YES;
				CLANG_WARN_DIRECT_OBJC_ISA_USAGE = YES_ERROR;
				CLANG_WARN_EMPTY_BODY = YES;
				CLANG_WARN_ENUM_CONVERSION = YES;
				CLANG_WARN_INT_CONVERSION = YES;
				CLANG_WARN_OBJC_ROOT_CLASS = YES_ERROR;
				CLANG_WARN_UNREACHABLE_CODE = YES;
				CLANG_WARN__DUPLICATE_METHOD_MATCH = YES;
				COPY_PHASE_STRIP = NO;
				DEBUG_INFORMATION_FORMAT = "dwarf-with-dsym";
				ENABLE_NS_ASSERTIONS = NO;
				ENABLE_STRICT_OBJC_MSGSEND = YES;
				GCC_C_LANGUAGE_STANDARD = gnu99;
				GCC_NO_COMMON_BLOCKS = YES;
				GCC_WARN_64_TO_32_BIT_CONVERSION = YES;
				GCC_WARN_ABOUT_RETURN_TYPE = YES_ERROR;
				GCC_WARN_UNDECLARED_SELECTOR = YES;
				GCC_WARN_UNINITIALIZED_AUTOS = YES_AGGRESSIVE;
				GCC_WARN_UNUSED_FUNCTION = YES;
				GCC_WARN_UNUSED_VARIABLE = YES;
				MACOSX_DEPLOYMENT_TARGET = 10.7;
				MTL_ENABLE_DEBUG_INFO = NO;
				SDKROOT = macosx10.9;
			};
			name = Release;
		};
		1C4B3A8D1B270264005D9232 /* Debug */ = {
			isa = XCBuildConfiguration;
			buildSettings = {
				COMBINE_HIDPI_IMAGES = YES;
				FRAMEWORK_SEARCH_PATHS = "$(inherited)";
				INFOPLIST_FILE = "Weather Sector/Info.plist";
				INSTALL_PATH = "$(HOME)/Library/Graphics/Quartz Composer Plug-Ins";
				PRODUCT_NAME = "$(TARGET_NAME)";
				WRAPPER_EXTENSION = plugin;
			};
			name = Debug;
		};
		1C4B3A8E1B270264005D9232 /* Release */ = {
			isa = XCBuildConfiguration;
			buildSettings = {
				COMBINE_HIDPI_IMAGES = YES;
				FRAMEWORK_SEARCH_PATHS = "$(inherited)";
				INFOPLIST_FILE = "Weather Sector/Info.plist";
				INSTALL_PATH = "$(HOME)/Library/Graphics/Quartz Composer Plug-Ins";
				PRODUCT_NAME = "$(TARGET_NAME)";
				WRAPPER_EXTENSION = plugin;
			};
			name = Release;
		};
		1C4B3AB41B273613005D9232 /* Debug */ = {
			isa = XCBuildConfiguration;
			buildSettings = {
				ASSETCATALOG_COMPILER_APPICON_NAME = AppIcon;
				CODE_SIGN_IDENTITY = "";
				COMBINE_HIDPI_IMAGES = YES;
				FRAMEWORK_SEARCH_PATHS = "$(inherited)";
				GCC_PREPROCESSOR_DEFINITIONS = (
					"DEBUG=1",
					"$(inherited)",
				);
				INFOPLIST_FILE = App/Info.plist;
				LD_RUNPATH_SEARCH_PATHS = "$(inherited) @executable_path/../Frameworks";
				MACOSX_DEPLOYMENT_TARGET = 10.9;
				PRODUCT_NAME = "$(TARGET_NAME)";
			};
			name = Debug;
		};
		1C4B3AB51B273613005D9232 /* Release */ = {
			isa = XCBuildConfiguration;
			buildSettings = {
				ASSETCATALOG_COMPILER_APPICON_NAME = AppIcon;
				CODE_SIGN_IDENTITY = "";
				COMBINE_HIDPI_IMAGES = YES;
				FRAMEWORK_SEARCH_PATHS = "$(inherited)";
				INFOPLIST_FILE = App/Info.plist;
				LD_RUNPATH_SEARCH_PATHS = "$(inherited) @executable_path/../Frameworks";
				MACOSX_DEPLOYMENT_TARGET = 10.9;
				PRODUCT_NAME = "$(TARGET_NAME)";
			};
			name = Release;
		};
		1C4B3AC31B273D32005D9232 /* Debug */ = {
			isa = XCBuildConfiguration;
			buildSettings = {
				PRODUCT_NAME = "$(TARGET_NAME)";
			};
			name = Debug;
		};
		1C4B3AC41B273D32005D9232 /* Release */ = {
			isa = XCBuildConfiguration;
			buildSettings = {
				PRODUCT_NAME = "$(TARGET_NAME)";
			};
			name = Release;
		};
/* End XCBuildConfiguration section */

/* Begin XCConfigurationList section */
		1C4B3A7C1B270264005D9232 /* Build configuration list for PBXProject "Weather Sector" */ = {
			isa = XCConfigurationList;
			buildConfigurations = (
				1C4B3A8A1B270264005D9232 /* Debug */,
				1C4B3A8B1B270264005D9232 /* Release */,
			);
			defaultConfigurationIsVisible = 0;
			defaultConfigurationName = Debug;
		};
		1C4B3A8C1B270264005D9232 /* Build configuration list for PBXNativeTarget "Weather Sector" */ = {
			isa = XCConfigurationList;
			buildConfigurations = (
				1C4B3A8D1B270264005D9232 /* Debug */,
				1C4B3A8E1B270264005D9232 /* Release */,
			);
			defaultConfigurationIsVisible = 0;
			defaultConfigurationName = Debug;
		};
		1C4B3AB31B273613005D9232 /* Build configuration list for PBXNativeTarget "App" */ = {
			isa = XCConfigurationList;
			buildConfigurations = (
				1C4B3AB41B273613005D9232 /* Debug */,
				1C4B3AB51B273613005D9232 /* Release */,
			);
			defaultConfigurationIsVisible = 0;
			defaultConfigurationName = Debug;
		};
		1C4B3AC21B273D32005D9232 /* Build configuration list for PBXAggregateTarget "Build All" */ = {
			isa = XCConfigurationList;
			buildConfigurations = (
				1C4B3AC31B273D32005D9232 /* Debug */,
				1C4B3AC41B273D32005D9232 /* Release */,
			);
			defaultConfigurationIsVisible = 0;
			defaultConfigurationName = Debug;
		};
/* End XCConfigurationList section */
	};
	rootObject = 1C4B3A791B270264005D9232 /* Project object */;
}
